
Microsoft Visual Studio Solution File, Format Version 12.00
# Visual Studio Version 17
VisualStudioVersion = 17.6.33829.357
MinimumVisualStudioVersion = 10.0.40219.1
Project("{9A19103F-16F7-4668-BE54-9A1E7A4F7556}") = "Peter.Integration.Shopify", "Peter.Integration.Shopify\Peter.Integration.Shopify.csproj", "{4B0B9E42-1810-4249-869E-9D466CDE701F}"
EndProject
Project("{9A19103F-16F7-4668-BE54-9A1E7A4F7556}") = "Peter.Integration.Shopify.Console", "Peter.Integration.Shopify.Console\Peter.Integration.Shopify.Console.csproj", "{11D27AB8-8341-4B33-91F2-35A97216205A}"
EndProject
Project("{9A19103F-16F7-4668-BE54-9A1E7A4F7556}") = "Peter.Test.SendMail.Console", "Peter.Test.SendMail.Console\Peter.Test.SendMail.Console.csproj", "{81925C0A-B382-4211-AFAD-7728C5827FA2}"
EndProject
Project("{9A19103F-16F7-4668-BE54-9A1E7A4F7556}") = "ShopifyPortal.DataManager.Console", "ShopifyPortal.DataManager.Console\ShopifyPortal.DataManager.Console.csproj", "{9C349D6C-A72D-4956-A503-FBED9C9CF13E}"
EndProject
Project("{9A19103F-16F7-4668-BE54-9A1E7A4F7556}") = "ShopifyPortal.Shared", "ShopifyPortal.Shared\ShopifyPortal.Shared.csproj", "{DA178C07-57AA-4F55-AE0C-F4315C8FDBB0}"
EndProject
Project("{9A19103F-16F7-4668-BE54-9A1E7A4F7556}") = "ShopifyPortal", "ShopifyPortal\ShopifyPortal.csproj", "{9965479D-802B-4EDF-A40A-45D006B30F9C}"
EndProject
Project("{9A19103F-16F7-4668-BE54-9A1E7A4F7556}") = "ShopifyPortal.Integration.PortalDb", "ShopifyPortal.Integration.PortalDb\ShopifyPortal.Integration.PortalDb.csproj", "{FC8D3D84-DC8A-45CC-81A4-18F230D8E10C}"
EndProject
Project("{9A19103F-16F7-4668-BE54-9A1E7A4F7556}") = "ShopifyPortal.Integration.PortalDb.Console", "ShopifyPortal.Integration.PortalDb.Console\ShopifyPortal.Integration.PortalDb.Console.csproj", "{29ADAA0E-F6AA-4955-A5A6-BBE6028EA1C7}"
EndProject
Project("{9A19103F-16F7-4668-BE54-9A1E7A4F7556}") = "ShopifyPortal.ShopifyToPortalDb.Console", "ShopifyPortal.ShopifyToPortalDb.Console\ShopifyPortal.ShopifyToPortalDb.Console.csproj", "{F5A955C3-6E5E-41AB-9139-857F5D214AA4}"
EndProject
Project("{9A19103F-16F7-4668-BE54-9A1E7A4F7556}") = "ShopifyPortal.WebAPI", "ShopifyPortal.WebAPI\ShopifyPortal.WebAPI.csproj", "{56F82FA1-9FA0-4B5D-9F84-51EB69A04174}"
EndProject
Project("{9A19103F-16F7-4668-BE54-9A1E7A4F7556}") = "Peter.Integration.NotificationWebAPI", "Peter.Integration.NotificationWebAPI\Peter.Integration.NotificationWebAPI.csproj", "{23FC7B07-E23E-4609-817A-3FB1410016BD}"
EndProject
Project("{FAE04EC0-301F-11D3-BF4B-00C04F79EFBC}") = "Peter.Integration.Basic", "Peter.Integration.Basic\Peter.Integration.Basic.csproj", "{5CF0AD90-9F00-D68A-AE4C-CCA8CC24A323}"
EndProject
Global
	GlobalSection(SolutionConfigurationPlatforms) = preSolution
		Debug|Any CPU = Debug|Any CPU
		Release|Any CPU = Release|Any CPU
	EndGlobalSection
	GlobalSection(ProjectConfigurationPlatforms) = postSolution
		{4B0B9E42-1810-4249-869E-9D466CDE701F}.Debug|Any CPU.ActiveCfg = Debug|Any CPU
		{4B0B9E42-1810-4249-869E-9D466CDE701F}.Debug|Any CPU.Build.0 = Debug|Any CPU
		{4B0B9E42-1810-4249-869E-9D466CDE701F}.Release|Any CPU.ActiveCfg = Release|Any CPU
		{4B0B9E42-1810-4249-869E-9D466CDE701F}.Release|Any CPU.Build.0 = Release|Any CPU
		{11D27AB8-8341-4B33-91F2-35A97216205A}.Debug|Any CPU.ActiveCfg = Debug|Any CPU
		{11D27AB8-8341-4B33-91F2-35A97216205A}.Debug|Any CPU.Build.0 = Debug|Any CPU
		{11D27AB8-8341-4B33-91F2-35A97216205A}.Release|Any CPU.ActiveCfg = Release|Any CPU
		{11D27AB8-8341-4B33-91F2-35A97216205A}.Release|Any CPU.Build.0 = Release|Any CPU
		{81925C0A-B382-4211-AFAD-7728C5827FA2}.Debug|Any CPU.ActiveCfg = Debug|Any CPU
		{81925C0A-B382-4211-AFAD-7728C5827FA2}.Debug|Any CPU.Build.0 = Debug|Any CPU
		{81925C0A-B382-4211-AFAD-7728C5827FA2}.Release|Any CPU.ActiveCfg = Release|Any CPU
		{81925C0A-B382-4211-AFAD-7728C5827FA2}.Release|Any CPU.Build.0 = Release|Any CPU
		{9C349D6C-A72D-4956-A503-FBED9C9CF13E}.Debug|Any CPU.ActiveCfg = Debug|Any CPU
		{9C349D6C-A72D-4956-A503-FBED9C9CF13E}.Debug|Any CPU.Build.0 = Debug|Any CPU
		{9C349D6C-A72D-4956-A503-FBED9C9CF13E}.Release|Any CPU.ActiveCfg = Release|Any CPU
		{9C349D6C-A72D-4956-A503-FBED9C9CF13E}.Release|Any CPU.Build.0 = Release|Any CPU
		{DA178C07-57AA-4F55-AE0C-F4315C8FDBB0}.Debug|Any CPU.ActiveCfg = Debug|Any CPU
		{DA178C07-57AA-4F55-AE0C-F4315C8FDBB0}.Debug|Any CPU.Build.0 = Debug|Any CPU
		{DA178C07-57AA-4F55-AE0C-F4315C8FDBB0}.Release|Any CPU.ActiveCfg = Release|Any CPU
		{DA178C07-57AA-4F55-AE0C-F4315C8FDBB0}.Release|Any CPU.Build.0 = Release|Any CPU
		{9965479D-802B-4EDF-A40A-45D006B30F9C}.Debug|Any CPU.ActiveCfg = Debug|Any CPU
		{9965479D-802B-4EDF-A40A-45D006B30F9C}.Debug|Any CPU.Build.0 = Debug|Any CPU
		{9965479D-802B-4EDF-A40A-45D006B30F9C}.Release|Any CPU.ActiveCfg = Release|Any CPU
		{9965479D-802B-4EDF-A40A-45D006B30F9C}.Release|Any CPU.Build.0 = Release|Any CPU
		{FC8D3D84-DC8A-45CC-81A4-18F230D8E10C}.Debug|Any CPU.ActiveCfg = Debug|Any CPU
		{FC8D3D84-DC8A-45CC-81A4-18F230D8E10C}.Debug|Any CPU.Build.0 = Debug|Any CPU
		{FC8D3D84-DC8A-45CC-81A4-18F230D8E10C}.Release|Any CPU.ActiveCfg = Release|Any CPU
		{FC8D3D84-DC8A-45CC-81A4-18F230D8E10C}.Release|Any CPU.Build.0 = Release|Any CPU
		{29ADAA0E-F6AA-4955-A5A6-BBE6028EA1C7}.Debug|Any CPU.ActiveCfg = Debug|Any CPU
		{29ADAA0E-F6AA-4955-A5A6-BBE6028EA1C7}.Debug|Any CPU.Build.0 = Debug|Any CPU
		{29ADAA0E-F6AA-4955-A5A6-BBE6028EA1C7}.Release|Any CPU.ActiveCfg = Release|Any CPU
		{29ADAA0E-F6AA-4955-A5A6-BBE6028EA1C7}.Release|Any CPU.Build.0 = Release|Any CPU
		{F5A955C3-6E5E-41AB-9139-857F5D214AA4}.Debug|Any CPU.ActiveCfg = Debug|Any CPU
		{F5A955C3-6E5E-41AB-9139-857F5D214AA4}.Debug|Any CPU.Build.0 = Debug|Any CPU
		{F5A955C3-6E5E-41AB-9139-857F5D214AA4}.Release|Any CPU.ActiveCfg = Release|Any CPU
		{F5A955C3-6E5E-41AB-9139-857F5D214AA4}.Release|Any CPU.Build.0 = Release|Any CPU
		{56F82FA1-9FA0-4B5D-9F84-51EB69A04174}.Debug|Any CPU.ActiveCfg = Debug|Any CPU
		{56F82FA1-9FA0-4B5D-9F84-51EB69A04174}.Debug|Any CPU.Build.0 = Debug|Any CPU
		{56F82FA1-9FA0-4B5D-9F84-51EB69A04174}.Release|Any CPU.ActiveCfg = Release|Any CPU
		{56F82FA1-9FA0-4B5D-9F84-51EB69A04174}.Release|Any CPU.Build.0 = Release|Any CPU
		{23FC7B07-E23E-4609-817A-3FB1410016BD}.Debug|Any CPU.ActiveCfg = Debug|Any CPU
		{23FC7B07-E23E-4609-817A-3FB1410016BD}.Debug|Any CPU.Build.0 = Debug|Any CPU
		{23FC7B07-E23E-4609-817A-3FB1410016BD}.Release|Any CPU.ActiveCfg = Release|Any CPU
		{23FC7B07-E23E-4609-817A-3FB1410016BD}.Release|Any CPU.Build.0 = Release|Any CPU
		{5CF0AD90-9F00-D68A-AE4C-CCA8CC24A323}.Debug|Any CPU.ActiveCfg = Debug|Any CPU
		{5CF0AD90-9F00-D68A-AE4C-CCA8CC24A323}.Debug|Any CPU.Build.0 = Debug|Any CPU
		{5CF0AD90-9F00-D68A-AE4C-CCA8CC24A323}.Release|Any CPU.ActiveCfg = Release|Any CPU
		{5CF0AD90-9F00-D68A-AE4C-CCA8CC24A323}.Release|Any CPU.Build.0 = Release|Any CPU
	EndGlobalSection
	GlobalSection(SolutionProperties) = preSolution
		HideSolutionNode = FALSE
	EndGlobalSection
	GlobalSection(ExtensibilityGlobals) = postSolution
		SolutionGuid = {9FAC73F8-6309-4AF8-8811-33198F45A8E4}
	EndGlobalSection
EndGlobal
